<?xml version="1.0" encoding="UTF-8"?>
<Scheme
   LastUpgradeVersion = "2620"
   version = "1.7">
   <BuildAction
      parallelizeBuildables = "YES"
      buildImplicitDependencies = "YES"
      buildArchitectures = "Automatic">
      <BuildActionEntries>
         <BuildActionEntry
            buildForTesting = "YES"
            buildForRunning = "YES"
            buildForProfiling = "YES"
            buildForArchiving = "YES"
            buildForAnalyzing = "YES">
            <BuildableReference
               BuildableIdentifier = "primary"
               BlueprintIdentifier = "4CF220362E4A33BA00AD5F29"
               BuildableName = "Offshore.app"
               BlueprintName = "OffshoreBudgeting"
               ReferencedContainer = "container:Offshore.xcodeproj">
            </BuildableReference>
         </BuildActionEntry>
      </BuildActionEntries>
   </BuildAction>
   <TestAction
      buildConfiguration = "Debug"
      selectedDebuggerIdentifier = "Xcode.DebuggerFoundation.Debugger.LLDB"
      selectedLauncherIdentifier = "Xcode.DebuggerFoundation.Launcher.LLDB"
      shouldUseLaunchSchemeArgsEnv = "YES">
      <TestPlans>
         <TestPlanReference
            reference = "container:OffshoreBudgeting.xctestplan"
            default = "YES">
         </TestPlanReference>
      </TestPlans>
      <Testables>
         <TestableReference
            skipped = "NO"
            parallelizable = "YES">
            <BuildableReference
               BuildableIdentifier = "primary"
               BlueprintIdentifier = "4CF220442E4A33BC00AD5F29"
               BuildableName = "OffshoreBudgetingTests.xctest"
               BlueprintName = "OffshoreBudgetingTests"
               ReferencedContainer = "container:Offshore.xcodeproj">
            </BuildableReference>
         </TestableReference>
         <TestableReference
            skipped = "YES"
            parallelizable = "YES">
            <BuildableReference
               BuildableIdentifier = "primary"
               BlueprintIdentifier = "4CF2204E2E4A33BC00AD5F29"
               BuildableName = "OffshoreBudgetingUITests.xctest"
               BlueprintName = "OffshoreBudgetingUITests"
               ReferencedContainer = "container:Offshore.xcodeproj">
            </BuildableReference>
         </TestableReference>
      </Testables>
   </TestAction>
   <LaunchAction
      buildConfiguration = "Debug"
      selectedDebuggerIdentifier = "Xcode.DebuggerFoundation.Debugger.LLDB"
      selectedLauncherIdentifier = "Xcode.DebuggerFoundation.Launcher.LLDB"
      launchStyle = "0"
      useCustomWorkingDirectory = "NO"
      ignoresPersistentStateOnLaunch = "NO"
      debugDocumentVersioning = "YES"
      debugServiceExtension = "internal"
      allowLocationSimulation = "YES">
      <BuildableProductRunnable
         runnableDebuggingMode = "0">
         <BuildableReference
            BuildableIdentifier = "primary"
            BlueprintIdentifier = "4CF220362E4A33BA00AD5F29"
            BuildableName = "Offshore.app"
            BlueprintName = "OffshoreBudgeting"
            ReferencedContainer = "container:Offshore.xcodeproj">
         </BuildableReference>
      </BuildableProductRunnable>
      <EnvironmentVariables>
         <EnvironmentVariable
            key = "RUN_CLOUD_SMOKE"
            value = "1"
            isEnabled = "NO">
         </EnvironmentVariable>
         <EnvironmentVariable
            key = "UB_PERF_EXPERIMENT_NO_TAB_REMOUNT"
            value = "1"
            isEnabled = "YES">
         </EnvironmentVariable>
         <EnvironmentVariable
            key = "UB_PERF_EXPERIMENT_MOTION_REDUCE_RAW_PUBLISH"
            value = "1"
            isEnabled = "NO">
         </EnvironmentVariable>
         <EnvironmentVariable
            key = "UB_PERF_EXPERIMENT_MOTION_THROTTLE_HZ"
            value = "5"
            isEnabled = "NO">
         </EnvironmentVariable>
         <EnvironmentVariable
            key = "UB_PERF_EXPERIMENT_IMPORT_OFF_MAIN"
            value = "1"
            isEnabled = "NO">
         </EnvironmentVariable>
         <EnvironmentVariable
            key = "UB_PERF"
            value = "1"
            isEnabled = "YES">
         </EnvironmentVariable>
         <EnvironmentVariable
            key = "UB_PERF_STDOUT"
            value = "1"
            isEnabled = "YES">
         </EnvironmentVariable>
         <EnvironmentVariable
            key = "UB_PERF_EXPERIMENT_MOTION_DISABLE"
            value = ""
            isEnabled = "NO">
         </EnvironmentVariable>
         <EnvironmentVariable
            key = "UB_PERF_EXPERIMENT_DISABLE_LIST_MOTION_EFFECTS"
            value = "1"
            isEnabled = "NO">
         </EnvironmentVariable>
         <EnvironmentVariable
            key = "UB_PERF_EXPERIMENT_IMPORT_STABILIZE_LIST"
            value = "1"
            isEnabled = "NO">
         </EnvironmentVariable>
         <EnvironmentVariable
            key = "UB_PERF_EXPERIMENT_IMPORT_DEBOUNCE_PRUNE"
            value = "1"
            isEnabled = "NO">
         </EnvironmentVariable>
         <EnvironmentVariable
            key = "UB_PERF_EXPERIMENT_IMPORT_DEBOUNCE_PRUNE_MS"
            value = ""
            isEnabled = "NO">
         </EnvironmentVariable>
         <EnvironmentVariable
            key = "UB_PERF_EXPERIMENT_IMPORT_AVOID_EDITMODE"
            value = "1"
            isEnabled = "NO">
         </EnvironmentVariable>
         <EnvironmentVariable
            key = "UB_PERF_EXPERIMENT_IMPORT_DISABLE_ANIMATIONS"
            value = "1"
            isEnabled = "NO">
         </EnvironmentVariable>
         <EnvironmentVariable
            key = "UB_PERF_EXPERIMENT_IMPORT_DEDUPE_TOGGLES"
            value = "1"
            isEnabled = "NO">
         </EnvironmentVariable>
         <EnvironmentVariable
            key = "UB_PERF_EXPERIMENT_IMPORT_DEDUPE_TOGGLES_MS"
            value = "100"
            isEnabled = "NO">
         </EnvironmentVariable>
         <EnvironmentVariable
            key = "UB_PERF_EXPERIMENT_IMPORT_STICKY_SELECTION"
            value = "1"
            isEnabled = "NO">
         </EnvironmentVariable>
         <EnvironmentVariable
            key = "UB_PERF_EXPERIMENT_IMPORT_BATCH_WRITES"
            value = "1"
            isEnabled = "NO">
         </EnvironmentVariable>
         <EnvironmentVariable
            key = "UB_PERF_EXPERIMENT_MOTION_SINGLE_PUBLISH"
            value = "1"
            isEnabled = "NO">
         </EnvironmentVariable>
         <EnvironmentVariable
            key = "UB_PERF_EXPERIMENT_IMPORT_CHECKMARK_NO_HIGHLIGHT"
            value = "1"
            isEnabled = "NO">
         </EnvironmentVariable>
         <EnvironmentVariable
            key = "UB_PERF_EXPERIMENT_MOTION_BACKGROUND_QUEUE"
            value = "1"
            isEnabled = "NO">
         </EnvironmentVariable>
         <EnvironmentVariable
            key = "UB_PERF_EXPERIMENT_PAUSE_DETAIL_MOTION_DURING_IMPORT"
            value = "1"
            isEnabled = "NO">
         </EnvironmentVariable>
         <EnvironmentVariable
            key = "UB_PERF_EXPERIMENT_IMPORT_SELECTALL_NO_ANIM"
            value = "1"
            isEnabled = "NO">
         </EnvironmentVariable>
         <EnvironmentVariable
            key = "UB_PERF_EXPERIMENT_IMPORT_SELECTMODE_SCROLL"
            value = "1"
            isEnabled = "NO">
         </EnvironmentVariable>
         <EnvironmentVariable
            key = "CG_NUMERICS_SHOW_BACKTRACE"
            value = "1"
            isEnabled = "NO">
         </EnvironmentVariable>
      </EnvironmentVariables>
   </LaunchAction>
   <ProfileAction
      buildConfiguration = "Release"
      shouldUseLaunchSchemeArgsEnv = "YES"
      savedToolIdentifier = ""
      useCustomWorkingDirectory = "NO"
      debugDocumentVersioning = "YES">
      <BuildableProductRunnable
         runnableDebuggingMode = "0">
         <BuildableReference
            BuildableIdentifier = "primary"
            BlueprintIdentifier = "4CF220362E4A33BA00AD5F29"
            BuildableName = "Offshore.app"
            BlueprintName = "OffshoreBudgeting"
            ReferencedContainer = "container:Offshore.xcodeproj">
         </BuildableReference>
      </BuildableProductRunnable>
   </ProfileAction>
   <AnalyzeAction
      buildConfiguration = "Debug">
   </AnalyzeAction>
   <ArchiveAction
      buildConfiguration = "Release"
      revealArchiveInOrganizer = "YES">
   </ArchiveAction>
</Scheme>
